
Microsoft Visual Studio Solution File, Format Version 12.00
# Visual Studio Version 17
VisualStudioVersion = 17.14.36623.8 d17.14
MinimumVisualStudioVersion = 10.0.40219.1
Project("{FAE04EC0-301F-11D3-BF4B-00C04F79EFBC}") = "SimulacionDeTraficoVehicularAPP", "SimulacionDeTraficoVehicularAPP.csproj", "{FEC4F072-BE7C-4034-8FD4-627C11F5AB46}"
EndProject
Project("{2150E333-8FDC-42A3-9474-1A3956D46DE8}") = "tests", "tests", "{02EA681E-C7D8-13C7-8484-4AC65E1B71E8}"
EndProject
Project("{FAE04EC0-301F-11D3-BF4B-00C04F79EFBC}") = "TestsTraficoVehicular", "..\..\tests\TestsTraficoVehicular\TestsTraficoVehicular.csproj", "{D9F7D598-7F50-4963-94DF-3AC74068CD53}"
EndProject
Global
	GlobalSection(SolutionConfigurationPlatforms) = preSolution
		Debug|Any CPU = Debug|Any CPU
		Release|Any CPU = Release|Any CPU
	EndGlobalSection
	GlobalSection(ProjectConfigurationPlatforms) = postSolution
		{FEC4F072-BE7C-4034-8FD4-627C11F5AB46}.Debug|Any CPU.ActiveCfg = Debug|Any CPU
		{FEC4F072-BE7C-4034-8FD4-627C11F5AB46}.Debug|Any CPU.Build.0 = Debug|Any CPU
		{FEC4F072-BE7C-4034-8FD4-627C11F5AB46}.Release|Any CPU.ActiveCfg = Release|Any CPU
		{FEC4F072-BE7C-4034-8FD4-627C11F5AB46}.Release|Any CPU.Build.0 = Release|Any CPU
		{D9F7D598-7F50-4963-94DF-3AC74068CD53}.Debug|Any CPU.ActiveCfg = Debug|Any CPU
		{D9F7D598-7F50-4963-94DF-3AC74068CD53}.Debug|Any CPU.Build.0 = Debug|Any CPU
		{D9F7D598-7F50-4963-94DF-3AC74068CD53}.Release|Any CPU.ActiveCfg = Release|Any CPU
		{D9F7D598-7F50-4963-94DF-3AC74068CD53}.Release|Any CPU.Build.0 = Release|Any CPU
	EndGlobalSection
	GlobalSection(SolutionProperties) = preSolution
		HideSolutionNode = FALSE
	EndGlobalSection
	GlobalSection(NestedProjects) = preSolution
		{D9F7D598-7F50-4963-94DF-3AC74068CD53} = {02EA681E-C7D8-13C7-8484-4AC65E1B71E8}
	EndGlobalSection
	GlobalSection(ExtensibilityGlobals) = postSolution
		SolutionGuid = {13140225-F5BC-4946-BC5C-DB594DCA0061}
	EndGlobalSection
EndGlobal
